# This file is automatically @generated by Cargo.
# It is not intended for manual editing.
version = 4

[[package]]
name = "ai_bridge"
version = "0.1.0"
dependencies = [
 "ai_runtime",
 "rvv_simd",
]

[[package]]
name = "ai_runtime"
version = "0.1.0"

[[package]]
name = "arena_mem"
version = "0.1.0"
dependencies = [
 "ai_runtime",
]

[[package]]
name = "edge_inference_demo"
version = "0.1.0"
dependencies = [
 "ai_runtime",
 "federated",
 "rvv_simd",
 "turbo_quant",
]

[[package]]
name = "federated"
version = "0.1.0"
dependencies = [
 "ai_runtime",
]

[[package]]
name = "flash_attention"
version = "0.1.0"
dependencies = [
 "ai_runtime",
 "rvv_simd",
]

[[package]]
name = "framework_bridge"
version = "0.1.0"
dependencies = [
 "ai_runtime",
 "arena_mem",
 "flash_attention",
 "gpu_compute",
 "hal",
 "turbo_quant",
]

[[package]]
name = "gguf_loader"
version = "0.1.0"
dependencies = [
 "ai_runtime",
]

[[package]]
name = "gpu_compute"
version = "0.1.0"
dependencies = [
 "ai_runtime",
]

[[package]]
name = "hal"
version = "0.1.0"

[[package]]
name = "k3_a100"
version = "0.1.0"
dependencies = [
 "ai_runtime",
 "rvv_simd",
]

[[package]]
name = "macos_m2_inference_demo"
version = "0.1.0"
dependencies = [
 "ai_runtime",
 "federated",
 "hal",
 "rvv_simd",
 "turbo_quant",
]

[[package]]
name = "macos_m2_math_benchmark"
version = "0.1.0"

[[package]]
name = "mlgo_advisor"
version = "0.1.0"
dependencies = [
 "hal",
]

[[package]]
name = "perf_model"
version = "0.1.0"
dependencies = [
 "ai_runtime",
]

[[package]]
name = "power_monitor"
version = "0.1.0"
dependencies = [
 "ai_runtime",
]

[[package]]
name = "runux-benchmarks"
version = "0.1.0"
dependencies = [
 "ai_runtime",
 "rvv_simd",
 "turbo_quant",
]

[[package]]
name = "runux-report"
version = "0.1.0"
dependencies = [
 "ai_runtime",
 "hal",
 "mlgo_advisor",
 "perf_model",
 "power_monitor",
 "sim_bench",
 "sim_inference",
 "sim_train",
 "stablehlo",
 "tpu_pjrt",
]

[[package]]
name = "rvv_simd"
version = "0.1.0"
dependencies = [
 "ai_runtime",
]

[[package]]
name = "sched_fair"
version = "0.1.0"

[[package]]
name = "sim_bench"
version = "0.1.0"
dependencies = [
 "ai_runtime",
 "arena_mem",
 "flash_attention",
 "hal",
 "mlgo_advisor",
 "perf_model",
 "power_monitor",
 "speculative",
 "tpu_pjrt",
 "transformer",
 "turbo_quant",
]

[[package]]
name = "sim_inference"
version = "0.1.0"
dependencies = [
 "ai_runtime",
 "arena_mem",
 "flash_attention",
 "perf_model",
 "power_monitor",
 "rvv_simd",
 "speculative",
 "transformer",
 "turbo_quant",
]

[[package]]
name = "sim_train"
version = "0.1.0"
dependencies = [
 "ai_runtime",
 "arena_mem",
 "perf_model",
 "power_monitor",
]

[[package]]
name = "speculative"
version = "0.1.0"
dependencies = [
 "ai_runtime",
]

[[package]]
name = "stablehlo"
version = "0.1.0"
dependencies = [
 "hal",
]

[[package]]
name = "tokenizer"
version = "0.1.0"

[[package]]
name = "tpu_pjrt"
version = "0.1.0"
dependencies = [
 "hal",
]

[[package]]
name = "transformer"
version = "0.1.0"
dependencies = [
 "ai_runtime",
 "rvv_simd",
 "turbo_quant",
]

[[package]]
name = "turbo_quant"
version = "0.1.0"
dependencies = [
 "ai_runtime",
]
